
Microsoft Visual Studio Solution File, Format Version 12.00
# Visual Studio 15
VisualStudioVersion = 15.0.28307.168
MinimumVisualStudioVersion = 10.0.40219.1
Project("{FAE04EC0-301F-11D3-BF4B-00C04F79EFBC}") = "ThreeUserDb", "ThreeUserDb\ThreeUserDb.csproj", "{61AF30BD-ED76-464B-BE5B-ED7A5CB8A228}"
EndProject
Global
	GlobalSection(SolutionConfigurationPlatforms) = preSolution
		Debug|Any CPU = Debug|Any CPU
		Release|Any CPU = Release|Any CPU
	EndGlobalSection
	GlobalSection(ProjectConfigurationPlatforms) = postSolution
		{61AF30BD-ED76-464B-BE5B-ED7A5CB8A228}.Debug|Any CPU.ActiveCfg = Debug|Any CPU
		{61AF30BD-ED76-464B-BE5B-ED7A5CB8A228}.Debug|Any CPU.Build.0 = Debug|Any CPU
		{61AF30BD-ED76-464B-BE5B-ED7A5CB8A228}.Release|Any CPU.ActiveCfg = Release|Any CPU
		{61AF30BD-ED76-464B-BE5B-ED7A5CB8A228}.Release|Any CPU.Build.0 = Release|Any CPU
	EndGlobalSection
	GlobalSection(SolutionProperties) = preSolution
		HideSolutionNode = FALSE
	EndGlobalSection
	GlobalSection(ExtensibilityGlobals) = postSolution
		SolutionGuid = {3399B77D-18D9-4BB8-A7FB-620AFD424DA9}
	EndGlobalSection
EndGlobal
